// !$*UTF8*$!
{
	archiveVersion = 1;
	classes = {
	};
	objectVersion = 46;
	objects = {

/* Begin PBXBuildFile section */
		CD4D870E166E9B5200996E89 /* UIKit.framework in Frameworks */ = {isa = PBXBuildFile; fileRef = CD4D870D166E9B5200996E89 /* UIKit.framework */; };
		CD4D8710166E9B5200996E89 /* Foundation.framework in Frameworks */ = {isa = PBXBuildFile; fileRef = CD4D870F166E9B5200996E89 /* Foundation.framework */; };
		CD4D8712166E9B5200996E89 /* CoreGraphics.framework in Frameworks */ = {isa = PBXBuildFile; fileRef = CD4D8711166E9B5200996E89 /* CoreGraphics.framework */; };
		CD4D8718166E9B5200996E89 /* InfoPlist.strings in Resources */ = {isa = PBXBuildFile; fileRef = CD4D8716166E9B5200996E89 /* InfoPlist.strings */; };
		CD4D871A166E9B5200996E89 /* main.m in Sources */ = {isa = PBXBuildFile; fileRef = CD4D8719166E9B5200996E89 /* main.m */; };
		CD4D871E166E9B5200996E89 /* AppDelegate.m in Sources */ = {isa = PBXBuildFile; fileRef = CD4D871D166E9B5200996E89 /* AppDelegate.m */; };
		CD4D8720166E9B5200996E89 /* Default.png in Resources */ = {isa = PBXBuildFile; fileRef = CD4D871F166E9B5200996E89 /* Default.png */; };
		CD4D8722166E9B5200996E89 /* Default@2x.png in Resources */ = {isa = PBXBuildFile; fileRef = CD4D8721166E9B5200996E89 /* Default@2x.png */; };
		CD4D8724166E9B5200996E89 /* Default-568h@2x.png in Resources */ = {isa = PBXBuildFile; fileRef = CD4D8723166E9B5200996E89 /* Default-568h@2x.png */; };
		CD4D8727166E9B5200996E89 /* MainStoryboard.storyboard in Resources */ = {isa = PBXBuildFile; fileRef = CD4D8725166E9B5200996E89 /* MainStoryboard.storyboard */; };
		CD4D872A166E9B5200996E89 /* ViewController.m in Sources */ = {isa = PBXBuildFile; fileRef = CD4D8729166E9B5200996E89 /* ViewController.m */; };
		CD4D8732166E9B5200996E89 /* SenTestingKit.framework in Frameworks */ = {isa = PBXBuildFile; fileRef = CD4D8731166E9B5200996E89 /* SenTestingKit.framework */; };
		CD4D8733166E9B5200996E89 /* UIKit.framework in Frameworks */ = {isa = PBXBuildFile; fileRef = CD4D870D166E9B5200996E89 /* UIKit.framework */; };
		CD4D8734166E9B5200996E89 /* Foundation.framework in Frameworks */ = {isa = PBXBuildFile; fileRef = CD4D870F166E9B5200996E89 /* Foundation.framework */; };
		CD4D873C166E9B5200996E89 /* InfoPlist.strings in Resources */ = {isa = PBXBuildFile; fileRef = CD4D873A166E9B5200996E89 /* InfoPlist.strings */; };
		CD4D873F166E9B5200996E89 /* suckapunchTests.m in Sources */ = {isa = PBXBuildFile; fileRef = CD4D873E166E9B5200996E89 /* suckapunchTests.m */; };
		CD4D874E166FDE5B00996E89 /* suckapunch_icon_57.png in Resources */ = {isa = PBXBuildFile; fileRef = CD4D874C166FDE5B00996E89 /* suckapunch_icon_57.png */; };
		CD4D874F166FDE5B00996E89 /* suckapunch_icon_114.png in Resources */ = {isa = PBXBuildFile; fileRef = CD4D874D166FDE5B00996E89 /* suckapunch_icon_114.png */; };
		CD4D875116710B1600996E89 /* Default.png in Resources */ = {isa = PBXBuildFile; fileRef = CD4D875016710B1600996E89 /* Default.png */; };
		CD4D875316710B2800996E89 /* Default@2x.png in Resources */ = {isa = PBXBuildFile; fileRef = CD4D875216710B2800996E89 /* Default@2x.png */; };
		CD4D8755167110DD00996E89 /* Default-568h@2x.png in Resources */ = {isa = PBXBuildFile; fileRef = CD4D8754167110DD00996E89 /* Default-568h@2x.png */; };
		CD4D875A1671184F00996E89 /* tabbar.png in Resources */ = {isa = PBXBuildFile; fileRef = CD4D87581671184F00996E89 /* tabbar.png */; };
		CD4D875B1671184F00996E89 /* tabbar@2x.png in Resources */ = {isa = PBXBuildFile; fileRef = CD4D87591671184F00996E89 /* tabbar@2x.png */; };
		CD4D87621671259600996E89 /* email.png in Resources */ = {isa = PBXBuildFile; fileRef = CD4D875C1671259600996E89 /* email.png */; };
		CD4D87631671259600996E89 /* email@2x.png in Resources */ = {isa = PBXBuildFile; fileRef = CD4D875D1671259600996E89 /* email@2x.png */; };
		CD4D87641671259600996E89 /* facebook.png in Resources */ = {isa = PBXBuildFile; fileRef = CD4D875E1671259600996E89 /* facebook.png */; };
		CD4D87651671259600996E89 /* facebook@2x.png in Resources */ = {isa = PBXBuildFile; fileRef = CD4D875F1671259600996E89 /* facebook@2x.png */; };
		CD4D87661671259600996E89 /* twitter.png in Resources */ = {isa = PBXBuildFile; fileRef = CD4D87601671259600996E89 /* twitter.png */; };
		CD4D87671671259600996E89 /* twitter@2x.png in Resources */ = {isa = PBXBuildFile; fileRef = CD4D87611671259600996E89 /* twitter@2x.png */; };
		CD4D876A1671260500996E89 /* profile.png in Resources */ = {isa = PBXBuildFile; fileRef = CD4D87681671260500996E89 /* profile.png */; };
		CD4D876B1671260500996E89 /* profile@2x.png in Resources */ = {isa = PBXBuildFile; fileRef = CD4D87691671260500996E89 /* profile@2x.png */; };
		CD4D876E167128BE00996E89 /* punch.png in Resources */ = {isa = PBXBuildFile; fileRef = CD4D876C167128BE00996E89 /* punch.png */; };
		CD4D876F167128BE00996E89 /* punch@2x.png in Resources */ = {isa = PBXBuildFile; fileRef = CD4D876D167128BE00996E89 /* punch@2x.png */; };
		CD4D87771671465B00996E89 /* UIView+UIView_Utils.m in Sources */ = {isa = PBXBuildFile; fileRef = CD4D87761671465B00996E89 /* UIView+UIView_Utils.m */; };
		CD4D877D1671481F00996E89 /* libTestFlight.a in Frameworks */ = {isa = PBXBuildFile; fileRef = CD4D87791671481F00996E89 /* libTestFlight.a */; };
		CD4D877E1671481F00996E89 /* README.md in Resources */ = {isa = PBXBuildFile; fileRef = CD4D877A1671481F00996E89 /* README.md */; };
		CD4D877F1671481F00996E89 /* release_notes.md in Resources */ = {isa = PBXBuildFile; fileRef = CD4D877B1671481F00996E89 /* release_notes.md */; };
		CD4D87811671489200996E89 /* libz.1.1.3.dylib in Frameworks */ = {isa = PBXBuildFile; fileRef = CD4D87801671489200996E89 /* libz.1.1.3.dylib */; };
		CD4D87871671976300996E89 /* MobileCoreServices.framework in Frameworks */ = {isa = PBXBuildFile; fileRef = CD4D87861671976300996E89 /* MobileCoreServices.framework */; };
		CD4D8789167197E500996E89 /* AssetsLibrary.framework in Frameworks */ = {isa = PBXBuildFile; fileRef = CD4D8788167197E500996E89 /* AssetsLibrary.framework */; };
		CD4D878B1673E51E00996E89 /* CoreImage.framework in Frameworks */ = {isa = PBXBuildFile; fileRef = CD4D878A1673E51E00996E89 /* CoreImage.framework */; };
		CD4D8792167657B300996E89 /* progress.png in Resources */ = {isa = PBXBuildFile; fileRef = CD4D8790167657B300996E89 /* progress.png */; };
		CD4D8793167657B300996E89 /* progress@2x.png in Resources */ = {isa = PBXBuildFile; fileRef = CD4D8791167657B300996E89 /* progress@2x.png */; };
		CD5D54A5167C36190058E25F /* add.png in Resources */ = {isa = PBXBuildFile; fileRef = CD5D54A1167C36190058E25F /* add.png */; };
		CD5D54A6167C36190058E25F /* add@2x.png in Resources */ = {isa = PBXBuildFile; fileRef = CD5D54A2167C36190058E25F /* add@2x.png */; };
		CD5D54A7167C36190058E25F /* minus.png in Resources */ = {isa = PBXBuildFile; fileRef = CD5D54A3167C36190058E25F /* minus.png */; };
		CD5D54A8167C36190058E25F /* minus@2x.png in Resources */ = {isa = PBXBuildFile; fileRef = CD5D54A4167C36190058E25F /* minus@2x.png */; };
		CD5D54AC167CE8680058E25F /* blackeye.png in Resources */ = {isa = PBXBuildFile; fileRef = CD5D54AA167CE8680058E25F /* blackeye.png */; };
		CD5D54AD167CE8680058E25F /* blackeye@2x.png in Resources */ = {isa = PBXBuildFile; fileRef = CD5D54AB167CE8680058E25F /* blackeye@2x.png */; };
		CD5D54B3167D0DF50058E25F /* QuartzCore.framework in Frameworks */ = {isa = PBXBuildFile; fileRef = CD5D54B2167D0DF50058E25F /* QuartzCore.framework */; };
		CD5D54B7167D88300058E25F /* bullseye.png in Resources */ = {isa = PBXBuildFile; fileRef = CD5D54B4167D88300058E25F /* bullseye.png */; };
		CD5D54B8167D88300058E25F /* bullseyefilter.png in Resources */ = {isa = PBXBuildFile; fileRef = CD5D54B5167D88300058E25F /* bullseyefilter.png */; };
		CD5D54B9167D88300058E25F /* bullseyefilter@2x.png in Resources */ = {isa = PBXBuildFile; fileRef = CD5D54B6167D88300058E25F /* bullseyefilter@2x.png */; };
		CD5D54BD168012B10058E25F /* egg.png in Resources */ = {isa = PBXBuildFile; fileRef = CD5D54BA168012B10058E25F /* egg.png */; };
		CD5D54BE168012B10058E25F /* eggfilter.png in Resources */ = {isa = PBXBuildFile; fileRef = CD5D54BB168012B10058E25F /* eggfilter.png */; };
		CD5D54BF168012B10058E25F /* eggfilter@2x.png in Resources */ = {isa = PBXBuildFile; fileRef = CD5D54BC168012B10058E25F /* eggfilter@2x.png */; };
		CD5D54C2168016110058E25F /* clownfilter.png in Resources */ = {isa = PBXBuildFile; fileRef = CD5D54C0168016110058E25F /* clownfilter.png */; };
		CD5D54C3168016110058E25F /* clownfilter@2x.png in Resources */ = {isa = PBXBuildFile; fileRef = CD5D54C1168016110058E25F /* clownfilter@2x.png */; };
		CD5D54C5168016890058E25F /* clown.png in Resources */ = {isa = PBXBuildFile; fileRef = CD5D54C4168016890058E25F /* clown.png */; };
		CD5D54C81680AAE30058E25F /* reset.png in Resources */ = {isa = PBXBuildFile; fileRef = CD5D54C61680AAE30058E25F /* reset.png */; };
		CD5D54C91680AAE30058E25F /* reset@2x.png in Resources */ = {isa = PBXBuildFile; fileRef = CD5D54C71680AAE30058E25F /* reset@2x.png */; };
		CD5D54CB1680B12C0058E25F /* MessageUI.framework in Frameworks */ = {isa = PBXBuildFile; fileRef = CD5D54CA1680B12C0058E25F /* MessageUI.framework */; };
		CD5D54CE1680E00A0058E25F /* hammer.png in Resources */ = {isa = PBXBuildFile; fileRef = CD5D54CC1680E00A0058E25F /* hammer.png */; };
		CD5D54CF1680E00A0058E25F /* hammer@2x.png in Resources */ = {isa = PBXBuildFile; fileRef = CD5D54CD1680E00A0058E25F /* hammer@2x.png */; };
		CD5D54D21680E07D0058E25F /* hammerfilter.png in Resources */ = {isa = PBXBuildFile; fileRef = CD5D54D01680E07D0058E25F /* hammerfilter.png */; };
		CD5D54D31680E07D0058E25F /* hammerfilter@2x.png in Resources */ = {isa = PBXBuildFile; fileRef = CD5D54D11680E07D0058E25F /* hammerfilter@2x.png */; };
		CD5D54D61680E2990058E25F /* skilletfilter.png in Resources */ = {isa = PBXBuildFile; fileRef = CD5D54D41680E2990058E25F /* skilletfilter.png */; };
		CD5D54D71680E2990058E25F /* skilletfilter@2x.png in Resources */ = {isa = PBXBuildFile; fileRef = CD5D54D51680E2990058E25F /* skilletfilter@2x.png */; };
		CD5D54DA1680E3A40058E25F /* wantmore.png in Resources */ = {isa = PBXBuildFile; fileRef = CD5D54D81680E3A40058E25F /* wantmore.png */; };
		CD5D54DB1680E3A40058E25F /* wantmore@2x.png in Resources */ = {isa = PBXBuildFile; fileRef = CD5D54D91680E3A40058E25F /* wantmore@2x.png */; };
		CD5D54DD1680EFA30058E25F /* messages.png in Resources */ = {isa = PBXBuildFile; fileRef = CD5D54DC1680EFA30058E25F /* messages.png */; };
		CD5D54E01680F2A10058E25F /* photolibrary.png in Resources */ = {isa = PBXBuildFile; fileRef = CD5D54DE1680F2A10058E25F /* photolibrary.png */; };
		CD5D54E11680F2A10058E25F /* photolibrary@2x.png in Resources */ = {isa = PBXBuildFile; fileRef = CD5D54DF1680F2A10058E25F /* photolibrary@2x.png */; };
		CD5D54E3168101450058E25F /* hammerlump.png in Resources */ = {isa = PBXBuildFile; fileRef = CD5D54E2168101450058E25F /* hammerlump.png */; };
		CD5D54E516814E120058E25F /* Social.framework in Frameworks */ = {isa = PBXBuildFile; fileRef = CD5D54E416814E120058E25F /* Social.framework */; };
		CD5D54E7168161B00058E25F /* stars.png in Resources */ = {isa = PBXBuildFile; fileRef = CD5D54E6168161B00058E25F /* stars.png */; };
		CD5D54EB16823F530058E25F /* pacifier.png in Resources */ = {isa = PBXBuildFile; fileRef = CD5D54E816823F530058E25F /* pacifier.png */; };
		CD5D54EC16823F530058E25F /* pacifierfilter.png in Resources */ = {isa = PBXBuildFile; fileRef = CD5D54E916823F530058E25F /* pacifierfilter.png */; };
		CD5D54ED16823F530058E25F /* pacifierfilter@2x.png in Resources */ = {isa = PBXBuildFile; fileRef = CD5D54EA16823F530058E25F /* pacifierfilter@2x.png */; };
		CDEACFEA1677EC1E00FEA470 /* punchfilter.png in Resources */ = {isa = PBXBuildFile; fileRef = CDEACFE81677EC1E00FEA470 /* punchfilter.png */; };
		CDEACFEB1677EC1E00FEA470 /* punchfilter@2x.png in Resources */ = {isa = PBXBuildFile; fileRef = CDEACFE91677EC1E00FEA470 /* punchfilter@2x.png */; };
		CDEACFEF16782DA100FEA470 /* filterborder.png in Resources */ = {isa = PBXBuildFile; fileRef = CDEACFED16782DA100FEA470 /* filterborder.png */; };
		CDEACFF016782DA100FEA470 /* filterborder@2x.png in Resources */ = {isa = PBXBuildFile; fileRef = CDEACFEE16782DA100FEA470 /* filterborder@2x.png */; };
/* End PBXBuildFile section */

/* Begin PBXContainerItemProxy section */
		CD4D8735166E9B5200996E89 /* PBXContainerItemProxy */ = {
			isa = PBXContainerItemProxy;
			containerPortal = CD4D8700166E9B5200996E89 /* Project object */;
			proxyType = 1;
			remoteGlobalIDString = CD4D8708166E9B5200996E89;
			remoteInfo = suckapunch;
		};
/* End PBXContainerItemProxy section */

/* Begin PBXFileReference section */
		CD4D8709166E9B5200996E89 /* suckapunch.app */ = {isa = PBXFileReference; explicitFileType = wrapper.application; includeInIndex = 0; path = suckapunch.app; sourceTree = BUILT_PRODUCTS_DIR; };
		CD4D870D166E9B5200996E89 /* UIKit.framework */ = {isa = PBXFileReference; lastKnownFileType = wrapper.framework; name = UIKit.framework; path = System/Library/Frameworks/UIKit.framework; sourceTree = SDKROOT; };
		CD4D870F166E9B5200996E89 /* Foundation.framework */ = {isa = PBXFileReference; lastKnownFileType = wrapper.framework; name = Foundation.framework; path = System/Library/Frameworks/Foundation.framework; sourceTree = SDKROOT; };
		CD4D8711166E9B5200996E89 /* CoreGraphics.framework */ = {isa = PBXFileReference; lastKnownFileType = wrapper.framework; name = CoreGraphics.framework; path = System/Library/Frameworks/CoreGraphics.framework; sourceTree = SDKROOT; };
		CD4D8715166E9B5200996E89 /* suckapunch-Info.plist */ = {isa = PBXFileReference; lastKnownFileType = text.plist.xml; path = "suckapunch-Info.plist"; sourceTree = "<group>"; };
		CD4D8717166E9B5200996E89 /* en */ = {isa = PBXFileReference; lastKnownFileType = text.plist.strings; name = en; path = en.lproj/InfoPlist.strings; sourceTree = "<group>"; };
		CD4D8719166E9B5200996E89 /* main.m */ = {isa = PBXFileReference; lastKnownFileType = sourcecode.c.objc; path = main.m; sourceTree = "<group>"; };
		CD4D871B166E9B5200996E89 /* suckapunch-Prefix.pch */ = {isa = PBXFileReference; lastKnownFileType = sourcecode.c.h; path = "suckapunch-Prefix.pch"; sourceTree = "<group>"; };
		CD4D871C166E9B5200996E89 /* AppDelegate.h */ = {isa = PBXFileReference; lastKnownFileType = sourcecode.c.h; path = AppDelegate.h; sourceTree = "<group>"; };
		CD4D871D166E9B5200996E89 /* AppDelegate.m */ = {isa = PBXFileReference; lastKnownFileType = sourcecode.c.objc; path = AppDelegate.m; sourceTree = "<group>"; };
		CD4D871F166E9B5200996E89 /* Default.png */ = {isa = PBXFileReference; lastKnownFileType = image.png; path = Default.png; sourceTree = "<group>"; };
		CD4D8721166E9B5200996E89 /* Default@2x.png */ = {isa = PBXFileReference; lastKnownFileType = image.png; path = "Default@2x.png"; sourceTree = "<group>"; };
		CD4D8723166E9B5200996E89 /* Default-568h@2x.png */ = {isa = PBXFileReference; lastKnownFileType = image.png; path = "Default-568h@2x.png"; sourceTree = "<group>"; };
		CD4D8726166E9B5200996E89 /* en */ = {isa = PBXFileReference; lastKnownFileType = file.storyboard; name = en; path = en.lproj/MainStoryboard.storyboard; sourceTree = "<group>"; };
		CD4D8728166E9B5200996E89 /* ViewController.h */ = {isa = PBXFileReference; lastKnownFileType = sourcecode.c.h; path = ViewController.h; sourceTree = "<group>"; };
		CD4D8729166E9B5200996E89 /* ViewController.m */ = {isa = PBXFileReference; lastKnownFileType = sourcecode.c.objc; path = ViewController.m; sourceTree = "<group>"; };
		CD4D8730166E9B5200996E89 /* suckapunchTests.octest */ = {isa = PBXFileReference; explicitFileType = wrapper.cfbundle; includeInIndex = 0; path = suckapunchTests.octest; sourceTree = BUILT_PRODUCTS_DIR; };
		CD4D8731166E9B5200996E89 /* SenTestingKit.framework */ = {isa = PBXFileReference; lastKnownFileType = wrapper.framework; name = SenTestingKit.framework; path = Library/Frameworks/SenTestingKit.framework; sourceTree = DEVELOPER_DIR; };
		CD4D8739166E9B5200996E89 /* suckapunchTests-Info.plist */ = {isa = PBXFileReference; lastKnownFileType = text.plist.xml; path = "suckapunchTests-Info.plist"; sourceTree = "<group>"; };
		CD4D873B166E9B5200996E89 /* en */ = {isa = PBXFileReference; lastKnownFileType = text.plist.strings; name = en; path = en.lproj/InfoPlist.strings; sourceTree = "<group>"; };
		CD4D873D166E9B5200996E89 /* suckapunchTests.h */ = {isa = PBXFileReference; lastKnownFileType = sourcecode.c.h; path = suckapunchTests.h; sourceTree = "<group>"; };
		CD4D873E166E9B5200996E89 /* suckapunchTests.m */ = {isa = PBXFileReference; lastKnownFileType = sourcecode.c.objc; path = suckapunchTests.m; sourceTree = "<group>"; };
		CD4D874C166FDE5B00996E89 /* suckapunch_icon_57.png */ = {isa = PBXFileReference; lastKnownFileType = image.png; path = suckapunch_icon_57.png; sourceTree = "<group>"; };
		CD4D874D166FDE5B00996E89 /* suckapunch_icon_114.png */ = {isa = PBXFileReference; lastKnownFileType = image.png; path = suckapunch_icon_114.png; sourceTree = "<group>"; };
		CD4D875016710B1600996E89 /* Default.png */ = {isa = PBXFileReference; lastKnownFileType = image.png; path = Default.png; sourceTree = "<group>"; };
		CD4D875216710B2800996E89 /* Default@2x.png */ = {isa = PBXFileReference; lastKnownFileType = image.png; path = "Default@2x.png"; sourceTree = "<group>"; };
		CD4D8754167110DD00996E89 /* Default-568h@2x.png */ = {isa = PBXFileReference; lastKnownFileType = image.png; path = "Default-568h@2x.png"; sourceTree = "<group>"; };
		CD4D87581671184F00996E89 /* tabbar.png */ = {isa = PBXFileReference; lastKnownFileType = image.png; path = tabbar.png; sourceTree = "<group>"; };
		CD4D87591671184F00996E89 /* tabbar@2x.png */ = {isa = PBXFileReference; lastKnownFileType = image.png; path = "tabbar@2x.png"; sourceTree = "<group>"; };
		CD4D875C1671259600996E89 /* email.png */ = {isa = PBXFileReference; lastKnownFileType = image.png; path = email.png; sourceTree = "<group>"; };
		CD4D875D1671259600996E89 /* email@2x.png */ = {isa = PBXFileReference; lastKnownFileType = image.png; path = "email@2x.png"; sourceTree = "<group>"; };
		CD4D875E1671259600996E89 /* facebook.png */ = {isa = PBXFileReference; lastKnownFileType = image.png; path = facebook.png; sourceTree = "<group>"; };
		CD4D875F1671259600996E89 /* facebook@2x.png */ = {isa = PBXFileReference; lastKnownFileType = image.png; path = "facebook@2x.png"; sourceTree = "<group>"; };
		CD4D87601671259600996E89 /* twitter.png */ = {isa = PBXFileReference; lastKnownFileType = image.png; path = twitter.png; sourceTree = "<group>"; };
		CD4D87611671259600996E89 /* twitter@2x.png */ = {isa = PBXFileReference; lastKnownFileType = image.png; path = "twitter@2x.png"; sourceTree = "<group>"; };
		CD4D87681671260500996E89 /* profile.png */ = {isa = PBXFileReference; lastKnownFileType = image.png; path = profile.png; sourceTree = "<group>"; };
		CD4D87691671260500996E89 /* profile@2x.png */ = {isa = PBXFileReference; lastKnownFileType = image.png; path = "profile@2x.png"; sourceTree = "<group>"; };
		CD4D876C167128BE00996E89 /* punch.png */ = {isa = PBXFileReference; lastKnownFileType = image.png; path = punch.png; sourceTree = "<group>"; };
		CD4D876D167128BE00996E89 /* punch@2x.png */ = {isa = PBXFileReference; lastKnownFileType = image.png; path = "punch@2x.png"; sourceTree = "<group>"; };
		CD4D87751671465B00996E89 /* UIView+UIView_Utils.h */ = {isa = PBXFileReference; fileEncoding = 4; lastKnownFileType = sourcecode.c.h; path = "UIView+UIView_Utils.h"; sourceTree = "<group>"; };
		CD4D87761671465B00996E89 /* UIView+UIView_Utils.m */ = {isa = PBXFileReference; fileEncoding = 4; lastKnownFileType = sourcecode.c.objc; path = "UIView+UIView_Utils.m"; sourceTree = "<group>"; };
		CD4D87791671481F00996E89 /* libTestFlight.a */ = {isa = PBXFileReference; lastKnownFileType = archive.ar; path = libTestFlight.a; sourceTree = "<group>"; };
		CD4D877A1671481F00996E89 /* README.md */ = {isa = PBXFileReference; fileEncoding = 4; lastKnownFileType = text; path = README.md; sourceTree = "<group>"; };
		CD4D877B1671481F00996E89 /* release_notes.md */ = {isa = PBXFileReference; fileEncoding = 4; lastKnownFileType = text; path = release_notes.md; sourceTree = "<group>"; };
		CD4D877C1671481F00996E89 /* TestFlight.h */ = {isa = PBXFileReference; fileEncoding = 4; lastKnownFileType = sourcecode.c.h; path = TestFlight.h; sourceTree = "<group>"; };
		CD4D87801671489200996E89 /* libz.1.1.3.dylib */ = {isa = PBXFileReference; lastKnownFileType = "compiled.mach-o.dylib"; name = libz.1.1.3.dylib; path = usr/lib/libz.1.1.3.dylib; sourceTree = SDKROOT; };
		CD4D87861671976300996E89 /* MobileCoreServices.framework */ = {isa = PBXFileReference; lastKnownFileType = wrapper.framework; name = MobileCoreServices.framework; path = System/Library/Frameworks/MobileCoreServices.framework; sourceTree = SDKROOT; };
		CD4D8788167197E500996E89 /* AssetsLibrary.framework */ = {isa = PBXFileReference; lastKnownFileType = wrapper.framework; name = AssetsLibrary.framework; path = System/Library/Frameworks/AssetsLibrary.framework; sourceTree = SDKROOT; };
		CD4D878A1673E51E00996E89 /* CoreImage.framework */ = {isa = PBXFileReference; lastKnownFileType = wrapper.framework; name = CoreImage.framework; path = System/Library/Frameworks/CoreImage.framework; sourceTree = SDKROOT; };
		CD4D8790167657B300996E89 /* progress.png */ = {isa = PBXFileReference; lastKnownFileType = image.png; path = progress.png; sourceTree = "<group>"; };
		CD4D8791167657B300996E89 /* progress@2x.png */ = {isa = PBXFileReference; lastKnownFileType = image.png; path = "progress@2x.png"; sourceTree = "<group>"; };
		CD5D54A1167C36190058E25F /* add.png */ = {isa = PBXFileReference; lastKnownFileType = image.png; path = add.png; sourceTree = "<group>"; };
		CD5D54A2167C36190058E25F /* add@2x.png */ = {isa = PBXFileReference; lastKnownFileType = image.png; path = "add@2x.png"; sourceTree = "<group>"; };
		CD5D54A3167C36190058E25F /* minus.png */ = {isa = PBXFileReference; lastKnownFileType = image.png; path = minus.png; sourceTree = "<group>"; };
		CD5D54A4167C36190058E25F /* minus@2x.png */ = {isa = PBXFileReference; lastKnownFileType = image.png; path = "minus@2x.png"; sourceTree = "<group>"; };
		CD5D54AA167CE8680058E25F /* blackeye.png */ = {isa = PBXFileReference; lastKnownFileType = image.png; path = blackeye.png; sourceTree = "<group>"; };
		CD5D54AB167CE8680058E25F /* blackeye@2x.png */ = {isa = PBXFileReference; lastKnownFileType = image.png; path = "blackeye@2x.png"; sourceTree = "<group>"; };
		CD5D54B2167D0DF50058E25F /* QuartzCore.framework */ = {isa = PBXFileReference; lastKnownFileType = wrapper.framework; name = QuartzCore.framework; path = System/Library/Frameworks/QuartzCore.framework; sourceTree = SDKROOT; };
		CD5D54B4167D88300058E25F /* bullseye.png */ = {isa = PBXFileReference; lastKnownFileType = image.png; path = bullseye.png; sourceTree = "<group>"; };
		CD5D54B5167D88300058E25F /* bullseyefilter.png */ = {isa = PBXFileReference; lastKnownFileType = image.png; path = bullseyefilter.png; sourceTree = "<group>"; };
		CD5D54B6167D88300058E25F /* bullseyefilter@2x.png */ = {isa = PBXFileReference; lastKnownFileType = image.png; path = "bullseyefilter@2x.png"; sourceTree = "<group>"; };
		CD5D54BA168012B10058E25F /* egg.png */ = {isa = PBXFileReference; lastKnownFileType = image.png; path = egg.png; sourceTree = "<group>"; };
		CD5D54BB168012B10058E25F /* eggfilter.png */ = {isa = PBXFileReference; lastKnownFileType = image.png; path = eggfilter.png; sourceTree = "<group>"; };
		CD5D54BC168012B10058E25F /* eggfilter@2x.png */ = {isa = PBXFileReference; lastKnownFileType = image.png; path = "eggfilter@2x.png"; sourceTree = "<group>"; };
		CD5D54C0168016110058E25F /* clownfilter.png */ = {isa = PBXFileReference; lastKnownFileType = image.png; path = clownfilter.png; sourceTree = "<group>"; };
		CD5D54C1168016110058E25F /* clownfilter@2x.png */ = {isa = PBXFileReference; lastKnownFileType = image.png; path = "clownfilter@2x.png"; sourceTree = "<group>"; };
		CD5D54C4168016890058E25F /* clown.png */ = {isa = PBXFileReference; lastKnownFileType = image.png; path = clown.png; sourceTree = "<group>"; };
		CD5D54C61680AAE30058E25F /* reset.png */ = {isa = PBXFileReference; lastKnownFileType = image.png; path = reset.png; sourceTree = "<group>"; };
		CD5D54C71680AAE30058E25F /* reset@2x.png */ = {isa = PBXFileReference; lastKnownFileType = image.png; path = "reset@2x.png"; sourceTree = "<group>"; };
		CD5D54CA1680B12C0058E25F /* MessageUI.framework */ = {isa = PBXFileReference; lastKnownFileType = wrapper.framework; name = MessageUI.framework; path = System/Library/Frameworks/MessageUI.framework; sourceTree = SDKROOT; };
		CD5D54CC1680E00A0058E25F /* hammer.png */ = {isa = PBXFileReference; lastKnownFileType = image.png; path = hammer.png; sourceTree = "<group>"; };
		CD5D54CD1680E00A0058E25F /* hammer@2x.png */ = {isa = PBXFileReference; lastKnownFileType = image.png; path = "hammer@2x.png"; sourceTree = "<group>"; };
		CD5D54D01680E07D0058E25F /* hammerfilter.png */ = {isa = PBXFileReference; lastKnownFileType = image.png; path = hammerfilter.png; sourceTree = "<group>"; };
		CD5D54D11680E07D0058E25F /* hammerfilter@2x.png */ = {isa = PBXFileReference; lastKnownFileType = image.png; path = "hammerfilter@2x.png"; sourceTree = "<group>"; };
		CD5D54D41680E2990058E25F /* skilletfilter.png */ = {isa = PBXFileReference; lastKnownFileType = image.png; path = skilletfilter.png; sourceTree = "<group>"; };
		CD5D54D51680E2990058E25F /* skilletfilter@2x.png */ = {isa = PBXFileReference; lastKnownFileType = image.png; path = "skilletfilter@2x.png"; sourceTree = "<group>"; };
		CD5D54D81680E3A40058E25F /* wantmore.png */ = {isa = PBXFileReference; lastKnownFileType = image.png; path = wantmore.png; sourceTree = "<group>"; };
		CD5D54D91680E3A40058E25F /* wantmore@2x.png */ = {isa = PBXFileReference; lastKnownFileType = image.png; path = "wantmore@2x.png"; sourceTree = "<group>"; };
		CD5D54DC1680EFA30058E25F /* messages.png */ = {isa = PBXFileReference; lastKnownFileType = image.png; path = messages.png; sourceTree = "<group>"; };
		CD5D54DE1680F2A10058E25F /* photolibrary.png */ = {isa = PBXFileReference; lastKnownFileType = image.png; path = photolibrary.png; sourceTree = "<group>"; };
		CD5D54DF1680F2A10058E25F /* photolibrary@2x.png */ = {isa = PBXFileReference; lastKnownFileType = image.png; path = "photolibrary@2x.png"; sourceTree = "<group>"; };
		CD5D54E2168101450058E25F /* hammerlump.png */ = {isa = PBXFileReference; lastKnownFileType = image.png; path = hammerlump.png; sourceTree = "<group>"; };
		CD5D54E416814E120058E25F /* Social.framework */ = {isa = PBXFileReference; lastKnownFileType = wrapper.framework; name = Social.framework; path = System/Library/Frameworks/Social.framework; sourceTree = SDKROOT; };
		CD5D54E6168161B00058E25F /* stars.png */ = {isa = PBXFileReference; lastKnownFileType = image.png; path = stars.png; sourceTree = "<group>"; };
		CD5D54E816823F530058E25F /* pacifier.png */ = {isa = PBXFileReference; lastKnownFileType = image.png; path = pacifier.png; sourceTree = "<group>"; };
		CD5D54E916823F530058E25F /* pacifierfilter.png */ = {isa = PBXFileReference; lastKnownFileType = image.png; path = pacifierfilter.png; sourceTree = "<group>"; };
		CD5D54EA16823F530058E25F /* pacifierfilter@2x.png */ = {isa = PBXFileReference; lastKnownFileType = image.png; path = "pacifierfilter@2x.png"; sourceTree = "<group>"; };
		CDEACFE81677EC1E00FEA470 /* punchfilter.png */ = {isa = PBXFileReference; lastKnownFileType = image.png; path = punchfilter.png; sourceTree = "<group>"; };
		CDEACFE91677EC1E00FEA470 /* punchfilter@2x.png */ = {isa = PBXFileReference; lastKnownFileType = image.png; path = "punchfilter@2x.png"; sourceTree = "<group>"; };
		CDEACFED16782DA100FEA470 /* filterborder.png */ = {isa = PBXFileReference; lastKnownFileType = image.png; path = filterborder.png; sourceTree = "<group>"; };
		CDEACFEE16782DA100FEA470 /* filterborder@2x.png */ = {isa = PBXFileReference; lastKnownFileType = image.png; path = "filterborder@2x.png"; sourceTree = "<group>"; };
/* End PBXFileReference section */

/* Begin PBXFrameworksBuildPhase section */
		CD4D8706166E9B5200996E89 /* Frameworks */ = {
			isa = PBXFrameworksBuildPhase;
			buildActionMask = 2147483647;
			files = (
				CD5D54E516814E120058E25F /* Social.framework in Frameworks */,
				CD5D54CB1680B12C0058E25F /* MessageUI.framework in Frameworks */,
				CD5D54B3167D0DF50058E25F /* QuartzCore.framework in Frameworks */,
				CD4D878B1673E51E00996E89 /* CoreImage.framework in Frameworks */,
				CD4D8789167197E500996E89 /* AssetsLibrary.framework in Frameworks */,
				CD4D87871671976300996E89 /* MobileCoreServices.framework in Frameworks */,
				CD4D87811671489200996E89 /* libz.1.1.3.dylib in Frameworks */,
				CD4D870E166E9B5200996E89 /* UIKit.framework in Frameworks */,
				CD4D8710166E9B5200996E89 /* Foundation.framework in Frameworks */,
				CD4D8712166E9B5200996E89 /* CoreGraphics.framework in Frameworks */,
				CD4D877D1671481F00996E89 /* libTestFlight.a in Frameworks */,
			);
			runOnlyForDeploymentPostprocessing = 0;
		};
		CD4D872C166E9B5200996E89 /* Frameworks */ = {
			isa = PBXFrameworksBuildPhase;
			buildActionMask = 2147483647;
			files = (
				CD4D8732166E9B5200996E89 /* SenTestingKit.framework in Frameworks */,
				CD4D8733166E9B5200996E89 /* UIKit.framework in Frameworks */,
				CD4D8734166E9B5200996E89 /* Foundation.framework in Frameworks */,
			);
			runOnlyForDeploymentPostprocessing = 0;
		};
/* End PBXFrameworksBuildPhase section */

/* Begin PBXGroup section */
		CD4D86FE166E9B5200996E89 = {
			isa = PBXGroup;
			children = (
				CD5D54E416814E120058E25F /* Social.framework */,
				CD5D54CA1680B12C0058E25F /* MessageUI.framework */,
				CD5D54B2167D0DF50058E25F /* QuartzCore.framework */,
				CD4D878A1673E51E00996E89 /* CoreImage.framework */,
				CD4D8788167197E500996E89 /* AssetsLibrary.framework */,
				CD4D87861671976300996E89 /* MobileCoreServices.framework */,
				CD4D87801671489200996E89 /* libz.1.1.3.dylib */,
				CD4D8754167110DD00996E89 /* Default-568h@2x.png */,
				CD4D875216710B2800996E89 /* Default@2x.png */,
				CD4D875016710B1600996E89 /* Default.png */,
				CD4D8713166E9B5200996E89 /* suckapunch */,
				CD4D8737166E9B5200996E89 /* suckapunchTests */,
				CD4D870C166E9B5200996E89 /* Frameworks */,
				CD4D870A166E9B5200996E89 /* Products */,
			);
			sourceTree = "<group>";
		};
		CD4D870A166E9B5200996E89 /* Products */ = {
			isa = PBXGroup;
			children = (
				CD4D8709166E9B5200996E89 /* suckapunch.app */,
				CD4D8730166E9B5200996E89 /* suckapunchTests.octest */,
			);
			name = Products;
			sourceTree = "<group>";
		};
		CD4D870C166E9B5200996E89 /* Frameworks */ = {
			isa = PBXGroup;
			children = (
				CD4D870D166E9B5200996E89 /* UIKit.framework */,
				CD4D870F166E9B5200996E89 /* Foundation.framework */,
				CD4D8711166E9B5200996E89 /* CoreGraphics.framework */,
				CD4D8731166E9B5200996E89 /* SenTestingKit.framework */,
			);
			name = Frameworks;
			sourceTree = "<group>";
		};
		CD4D8713166E9B5200996E89 /* suckapunch */ = {
			isa = PBXGroup;
			children = (
				CD4D87781671481F00996E89 /* TestFlightSDK1.1 */,
				CD4D8770167145D400996E89 /* utils */,
				CD4D874C166FDE5B00996E89 /* suckapunch_icon_57.png */,
				CD4D874D166FDE5B00996E89 /* suckapunch_icon_114.png */,
				CD4D871C166E9B5200996E89 /* AppDelegate.h */,
				CD4D871D166E9B5200996E89 /* AppDelegate.m */,
				CD4D8725166E9B5200996E89 /* MainStoryboard.storyboard */,
				CD4D8728166E9B5200996E89 /* ViewController.h */,
				CD4D8729166E9B5200996E89 /* ViewController.m */,
				CD4D8714166E9B5200996E89 /* Supporting Files */,
			);
			path = suckapunch;
			sourceTree = "<group>";
		};
		CD4D8714166E9B5200996E89 /* Supporting Files */ = {
			isa = PBXGroup;
			children = (
				CD5D54E816823F530058E25F /* pacifier.png */,
				CD5D54E916823F530058E25F /* pacifierfilter.png */,
				CD5D54EA16823F530058E25F /* pacifierfilter@2x.png */,
				CD5D54E6168161B00058E25F /* stars.png */,
				CD5D54E2168101450058E25F /* hammerlump.png */,
				CD5D54DE1680F2A10058E25F /* photolibrary.png */,
				CD5D54DF1680F2A10058E25F /* photolibrary@2x.png */,
				CD5D54DC1680EFA30058E25F /* messages.png */,
				CD5D54D81680E3A40058E25F /* wantmore.png */,
				CD5D54D91680E3A40058E25F /* wantmore@2x.png */,
				CD5D54D41680E2990058E25F /* skilletfilter.png */,
				CD5D54D51680E2990058E25F /* skilletfilter@2x.png */,
				CD5D54D01680E07D0058E25F /* hammerfilter.png */,
				CD5D54D11680E07D0058E25F /* hammerfilter@2x.png */,
				CD5D54CC1680E00A0058E25F /* hammer.png */,
				CD5D54CD1680E00A0058E25F /* hammer@2x.png */,
				CD5D54C61680AAE30058E25F /* reset.png */,
				CD5D54C71680AAE30058E25F /* reset@2x.png */,
				CD5D54C4168016890058E25F /* clown.png */,
				CD5D54C0168016110058E25F /* clownfilter.png */,
				CD5D54C1168016110058E25F /* clownfilter@2x.png */,
				CD5D54BA168012B10058E25F /* egg.png */,
				CD5D54BB168012B10058E25F /* eggfilter.png */,
				CD5D54BC168012B10058E25F /* eggfilter@2x.png */,
				CD5D54B4167D88300058E25F /* bullseye.png */,
				CD5D54B5167D88300058E25F /* bullseyefilter.png */,
				CD5D54B6167D88300058E25F /* bullseyefilter@2x.png */,
				CD5D54AA167CE8680058E25F /* blackeye.png */,
				CD5D54AB167CE8680058E25F /* blackeye@2x.png */,
				CD5D54A1167C36190058E25F /* add.png */,
				CD5D54A2167C36190058E25F /* add@2x.png */,
				CD5D54A3167C36190058E25F /* minus.png */,
				CD5D54A4167C36190058E25F /* minus@2x.png */,
				CDEACFED16782DA100FEA470 /* filterborder.png */,
				CDEACFEE16782DA100FEA470 /* filterborder@2x.png */,
				CDEACFE81677EC1E00FEA470 /* punchfilter.png */,
				CDEACFE91677EC1E00FEA470 /* punchfilter@2x.png */,
				CD4D8790167657B300996E89 /* progress.png */,
				CD4D8791167657B300996E89 /* progress@2x.png */,
				CD4D876C167128BE00996E89 /* punch.png */,
				CD4D876D167128BE00996E89 /* punch@2x.png */,
				CD4D87681671260500996E89 /* profile.png */,
				CD4D87691671260500996E89 /* profile@2x.png */,
				CD4D875C1671259600996E89 /* email.png */,
				CD4D875D1671259600996E89 /* email@2x.png */,
				CD4D875E1671259600996E89 /* facebook.png */,
				CD4D875F1671259600996E89 /* facebook@2x.png */,
				CD4D87601671259600996E89 /* twitter.png */,
				CD4D87611671259600996E89 /* twitter@2x.png */,
				CD4D87581671184F00996E89 /* tabbar.png */,
				CD4D87591671184F00996E89 /* tabbar@2x.png */,
				CD4D8715166E9B5200996E89 /* suckapunch-Info.plist */,
				CD4D8716166E9B5200996E89 /* InfoPlist.strings */,
				CD4D8719166E9B5200996E89 /* main.m */,
				CD4D871B166E9B5200996E89 /* suckapunch-Prefix.pch */,
				CD4D871F166E9B5200996E89 /* Default.png */,
				CD4D8721166E9B5200996E89 /* Default@2x.png */,
				CD4D8723166E9B5200996E89 /* Default-568h@2x.png */,
			);
			name = "Supporting Files";
			sourceTree = "<group>";
		};
		CD4D8737166E9B5200996E89 /* suckapunchTests */ = {
			isa = PBXGroup;
			children = (
				CD4D873D166E9B5200996E89 /* suckapunchTests.h */,
				CD4D873E166E9B5200996E89 /* suckapunchTests.m */,
				CD4D8738166E9B5200996E89 /* Supporting Files */,
			);
			path = suckapunchTests;
			sourceTree = "<group>";
		};
		CD4D8738166E9B5200996E89 /* Supporting Files */ = {
			isa = PBXGroup;
			children = (
				CD4D8739166E9B5200996E89 /* suckapunchTests-Info.plist */,
				CD4D873A166E9B5200996E89 /* InfoPlist.strings */,
			);
			name = "Supporting Files";
			sourceTree = "<group>";
		};
		CD4D8770167145D400996E89 /* utils */ = {
			isa = PBXGroup;
			children = (
				CD4D87751671465B00996E89 /* UIView+UIView_Utils.h */,
				CD4D87761671465B00996E89 /* UIView+UIView_Utils.m */,
			);
			name = utils;
			sourceTree = "<group>";
		};
		CD4D87781671481F00996E89 /* TestFlightSDK1.1 */ = {
			isa = PBXGroup;
			children = (
				CD4D87791671481F00996E89 /* libTestFlight.a */,
				CD4D877A1671481F00996E89 /* README.md */,
				CD4D877B1671481F00996E89 /* release_notes.md */,
				CD4D877C1671481F00996E89 /* TestFlight.h */,
			);
			path = TestFlightSDK1.1;
			sourceTree = "<group>";
		};
/* End PBXGroup section */

/* Begin PBXNativeTarget section */
		CD4D8708166E9B5200996E89 /* suckapunch */ = {
			isa = PBXNativeTarget;
			buildConfigurationList = CD4D8742166E9B5200996E89 /* Build configuration list for PBXNativeTarget "suckapunch" */;
			buildPhases = (
				CD4D8705166E9B5200996E89 /* Sources */,
				CD4D8706166E9B5200996E89 /* Frameworks */,
				CD4D8707166E9B5200996E89 /* Resources */,
			);
			buildRules = (
			);
			dependencies = (
			);
			name = suckapunch;
			productName = suckapunch;
			productReference = CD4D8709166E9B5200996E89 /* suckapunch.app */;
			productType = "com.apple.product-type.application";
		};
		CD4D872F166E9B5200996E89 /* suckapunchTests */ = {
			isa = PBXNativeTarget;
			buildConfigurationList = CD4D8745166E9B5200996E89 /* Build configuration list for PBXNativeTarget "suckapunchTests" */;
			buildPhases = (
				CD4D872B166E9B5200996E89 /* Sources */,
				CD4D872C166E9B5200996E89 /* Frameworks */,
				CD4D872D166E9B5200996E89 /* Resources */,
				CD4D872E166E9B5200996E89 /* ShellScript */,
			);
			buildRules = (
			);
			dependencies = (
				CD4D8736166E9B5200996E89 /* PBXTargetDependency */,
			);
			name = suckapunchTests;
			productName = suckapunchTests;
			productReference = CD4D8730166E9B5200996E89 /* suckapunchTests.octest */;
			productType = "com.apple.product-type.bundle";
		};
/* End PBXNativeTarget section */

/* Begin PBXProject section */
		CD4D8700166E9B5200996E89 /* Project object */ = {
			isa = PBXProject;
			attributes = {
				LastUpgradeCheck = 0450;
				ORGANIZATIONNAME = "Keith Elliott";
			};
			buildConfigurationList = CD4D8703166E9B5200996E89 /* Build configuration list for PBXProject "suckapunch" */;
			compatibilityVersion = "Xcode 3.2";
			developmentRegion = English;
			hasScannedForEncodings = 0;
			knownRegions = (
				en,
			);
			mainGroup = CD4D86FE166E9B5200996E89;
			productRefGroup = CD4D870A166E9B5200996E89 /* Products */;
			projectDirPath = "";
			projectRoot = "";
			targets = (
				CD4D8708166E9B5200996E89 /* suckapunch */,
				CD4D872F166E9B5200996E89 /* suckapunchTests */,
			);
		};
/* End PBXProject section */

/* Begin PBXResourcesBuildPhase section */
		CD4D8707166E9B5200996E89 /* Resources */ = {
			isa = PBXResourcesBuildPhase;
			buildActionMask = 2147483647;
			files = (
				CD4D8718166E9B5200996E89 /* InfoPlist.strings in Resources */,
				CD4D8720166E9B5200996E89 /* Default.png in Resources */,
				CD4D8722166E9B5200996E89 /* Default@2x.png in Resources */,
				CD4D8724166E9B5200996E89 /* Default-568h@2x.png in Resources */,
				CD4D8727166E9B5200996E89 /* MainStoryboard.storyboard in Resources */,
				CD4D874E166FDE5B00996E89 /* suckapunch_icon_57.png in Resources */,
				CD4D874F166FDE5B00996E89 /* suckapunch_icon_114.png in Resources */,
				CD4D875116710B1600996E89 /* Default.png in Resources */,
				CD4D875316710B2800996E89 /* Default@2x.png in Resources */,
				CD4D8755167110DD00996E89 /* Default-568h@2x.png in Resources */,
				CD4D875A1671184F00996E89 /* tabbar.png in Resources */,
				CD4D875B1671184F00996E89 /* tabbar@2x.png in Resources */,
				CD4D87621671259600996E89 /* email.png in Resources */,
				CD4D87631671259600996E89 /* email@2x.png in Resources */,
				CD4D87641671259600996E89 /* facebook.png in Resources */,
				CD4D87651671259600996E89 /* facebook@2x.png in Resources */,
				CD4D87661671259600996E89 /* twitter.png in Resources */,
				CD4D87671671259600996E89 /* twitter@2x.png in Resources */,
				CD4D876A1671260500996E89 /* profile.png in Resources */,
				CD4D876B1671260500996E89 /* profile@2x.png in Resources */,
				CD4D876E167128BE00996E89 /* punch.png in Resources */,
				CD4D876F167128BE00996E89 /* punch@2x.png in Resources */,
				CD4D877E1671481F00996E89 /* README.md in Resources */,
				CD4D877F1671481F00996E89 /* release_notes.md in Resources */,
				CD4D8792167657B300996E89 /* progress.png in Resources */,
				CD4D8793167657B300996E89 /* progress@2x.png in Resources */,
				CDEACFEA1677EC1E00FEA470 /* punchfilter.png in Resources */,
				CDEACFEB1677EC1E00FEA470 /* punchfilter@2x.png in Resources */,
				CDEACFEF16782DA100FEA470 /* filterborder.png in Resources */,
				CDEACFF016782DA100FEA470 /* filterborder@2x.png in Resources */,
				CD5D54A5167C36190058E25F /* add.png in Resources */,
				CD5D54A6167C36190058E25F /* add@2x.png in Resources */,
				CD5D54A7167C36190058E25F /* minus.png in Resources */,
				CD5D54A8167C36190058E25F /* minus@2x.png in Resources */,
				CD5D54AC167CE8680058E25F /* blackeye.png in Resources */,
				CD5D54AD167CE8680058E25F /* blackeye@2x.png in Resources */,
				CD5D54B7167D88300058E25F /* bullseye.png in Resources */,
				CD5D54B8167D88300058E25F /* bullseyefilter.png in Resources */,
				CD5D54B9167D88300058E25F /* bullseyefilter@2x.png in Resources */,
				CD5D54BD168012B10058E25F /* egg.png in Resources */,
				CD5D54BE168012B10058E25F /* eggfilter.png in Resources */,
				CD5D54BF168012B10058E25F /* eggfilter@2x.png in Resources */,
				CD5D54C2168016110058E25F /* clownfilter.png in Resources */,
				CD5D54C3168016110058E25F /* clownfilter@2x.png in Resources */,
				CD5D54C5168016890058E25F /* clown.png in Resources */,
				CD5D54C81680AAE30058E25F /* reset.png in Resources */,
				CD5D54C91680AAE30058E25F /* reset@2x.png in Resources */,
				CD5D54CE1680E00A0058E25F /* hammer.png in Resources */,
				CD5D54CF1680E00A0058E25F /* hammer@2x.png in Resources */,
				CD5D54D21680E07D0058E25F /* hammerfilter.png in Resources */,
				CD5D54D31680E07D0058E25F /* hammerfilter@2x.png in Resources */,
				CD5D54D61680E2990058E25F /* skilletfilter.png in Resources */,
				CD5D54D71680E2990058E25F /* skilletfilter@2x.png in Resources */,
				CD5D54DA1680E3A40058E25F /* wantmore.png in Resources */,
				CD5D54DB1680E3A40058E25F /* wantmore@2x.png in Resources */,
				CD5D54DD1680EFA30058E25F /* messages.png in Resources */,
				CD5D54E01680F2A10058E25F /* photolibrary.png in Resources */,
				CD5D54E11680F2A10058E25F /* photolibrary@2x.png in Resources */,
				CD5D54E3168101450058E25F /* hammerlump.png in Resources */,
				CD5D54E7168161B00058E25F /* stars.png in Resources */,
				CD5D54EB16823F530058E25F /* pacifier.png in Resources */,
				CD5D54EC16823F530058E25F /* pacifierfilter.png in Resources */,
				CD5D54ED16823F530058E25F /* pacifierfilter@2x.png in Resources */,
			);
			runOnlyForDeploymentPostprocessing = 0;
		};
		CD4D872D166E9B5200996E89 /* Resources */ = {
			isa = PBXResourcesBuildPhase;
			buildActionMask = 2147483647;
			files = (
				CD4D873C166E9B5200996E89 /* InfoPlist.strings in Resources */,
			);
			runOnlyForDeploymentPostprocessing = 0;
		};
/* End PBXResourcesBuildPhase section */

/* Begin PBXShellScriptBuildPhase section */
		CD4D872E166E9B5200996E89 /* ShellScript */ = {
			isa = PBXShellScriptBuildPhase;
			buildActionMask = 2147483647;
			files = (
			);
			inputPaths = (
			);
			outputPaths = (
			);
			runOnlyForDeploymentPostprocessing = 0;
			shellPath = /bin/sh;
			shellScript = "# Run the unit tests in this test bundle.\n\"${SYSTEM_DEVELOPER_DIR}/Tools/RunUnitTests\"\n";
		};
/* End PBXShellScriptBuildPhase section */

/* Begin PBXSourcesBuildPhase section */
		CD4D8705166E9B5200996E89 /* Sources */ = {
			isa = PBXSourcesBuildPhase;
			buildActionMask = 2147483647;
			files = (
				CD4D871A166E9B5200996E89 /* main.m in Sources */,
				CD4D871E166E9B5200996E89 /* AppDelegate.m in Sources */,
				CD4D872A166E9B5200996E89 /* ViewController.m in Sources */,
				CD4D87771671465B00996E89 /* UIView+UIView_Utils.m in Sources */,
			);
			runOnlyForDeploymentPostprocessing = 0;
		};
		CD4D872B166E9B5200996E89 /* Sources */ = {
			isa = PBXSourcesBuildPhase;
			buildActionMask = 2147483647;
			files = (
				CD4D873F166E9B5200996E89 /* suckapunchTests.m in Sources */,
			);
			runOnlyForDeploymentPostprocessing = 0;
		};
/* End PBXSourcesBuildPhase section */

/* Begin PBXTargetDependency section */
		CD4D8736166E9B5200996E89 /* PBXTargetDependency */ = {
			isa = PBXTargetDependency;
			target = CD4D8708166E9B5200996E89 /* suckapunch */;
			targetProxy = CD4D8735166E9B5200996E89 /* PBXContainerItemProxy */;
		};
/* End PBXTargetDependency section */

/* Begin PBXVariantGroup section */
		CD4D8716166E9B5200996E89 /* InfoPlist.strings */ = {
			isa = PBXVariantGroup;
			children = (
				CD4D8717166E9B5200996E89 /* en */,
			);
			name = InfoPlist.strings;
			sourceTree = "<group>";
		};
		CD4D8725166E9B5200996E89 /* MainStoryboard.storyboard */ = {
			isa = PBXVariantGroup;
			children = (
				CD4D8726166E9B5200996E89 /* en */,
			);
			name = MainStoryboard.storyboard;
			sourceTree = "<group>";
		};
		CD4D873A166E9B5200996E89 /* InfoPlist.strings */ = {
			isa = PBXVariantGroup;
			children = (
				CD4D873B166E9B5200996E89 /* en */,
			);
			name = InfoPlist.strings;
			sourceTree = "<group>";
		};
/* End PBXVariantGroup section */

/* Begin XCBuildConfiguration section */
		CD4D8740166E9B5200996E89 /* Debug */ = {
			isa = XCBuildConfiguration;
			buildSettings = {
				ALWAYS_SEARCH_USER_PATHS = NO;
				CLANG_CXX_LANGUAGE_STANDARD = "gnu++0x";
				CLANG_CXX_LIBRARY = "libc++";
				CLANG_ENABLE_OBJC_ARC = YES;
				CLANG_WARN_EMPTY_BODY = YES;
				CLANG_WARN__DUPLICATE_METHOD_MATCH = YES;
				"CODE_SIGN_IDENTITY[sdk=iphoneos*]" = "iPhone Developer";
				COPY_PHASE_STRIP = NO;
				GCC_C_LANGUAGE_STANDARD = gnu99;
				GCC_DYNAMIC_NO_PIC = NO;
				GCC_OPTIMIZATION_LEVEL = 0;
				GCC_PREPROCESSOR_DEFINITIONS = (
					"DEBUG=1",
					"$(inherited)",
				);
				GCC_SYMBOLS_PRIVATE_EXTERN = NO;
				GCC_WARN_ABOUT_RETURN_TYPE = YES;
				GCC_WARN_UNINITIALIZED_AUTOS = YES;
				GCC_WARN_UNUSED_VARIABLE = YES;
				IPHONEOS_DEPLOYMENT_TARGET = 6.0;
				ONLY_ACTIVE_ARCH = YES;
				SDKROOT = iphoneos;
			};
			name = Debug;
		};
		CD4D8741166E9B5200996E89 /* Release */ = {
			isa = XCBuildConfiguration;
			buildSettings = {
				ALWAYS_SEARCH_USER_PATHS = NO;
				CLANG_CXX_LANGUAGE_STANDARD = "gnu++0x";
				CLANG_CXX_LIBRARY = "libc++";
				CLANG_ENABLE_OBJC_ARC = YES;
				CLANG_WARN_EMPTY_BODY = YES;
				CLANG_WARN__DUPLICATE_METHOD_MATCH = YES;
				"CODE_SIGN_IDENTITY[sdk=iphoneos*]" = "iPhone Developer";
				COPY_PHASE_STRIP = YES;
				GCC_C_LANGUAGE_STANDARD = gnu99;
				GCC_WARN_ABOUT_RETURN_TYPE = YES;
				GCC_WARN_UNINITIALIZED_AUTOS = YES;
				GCC_WARN_UNUSED_VARIABLE = YES;
				IPHONEOS_DEPLOYMENT_TARGET = 6.0;
				OTHER_CFLAGS = "-DNS_BLOCK_ASSERTIONS=1";
				SDKROOT = iphoneos;
				VALIDATE_PRODUCT = YES;
			};
			name = Release;
		};
		CD4D8743166E9B5200996E89 /* Debug */ = {
			isa = XCBuildConfiguration;
			buildSettings = {
				GCC_PRECOMPILE_PREFIX_HEADER = YES;
				GCC_PREFIX_HEADER = "suckapunch/suckapunch-Prefix.pch";
				INFOPLIST_FILE = "suckapunch/suckapunch-Info.plist";
				IPHONEOS_DEPLOYMENT_TARGET = 6.0;
				LIBRARY_SEARCH_PATHS = (
					"$(inherited)",
					"\"$(SRCROOT)/suckapunch/TestFlightSDK1.1\"",
				);
				PRODUCT_NAME = "$(TARGET_NAME)";
				WRAPPER_EXTENSION = app;
			};
			name = Debug;
		};
		CD4D8744166E9B5200996E89 /* Release */ = {
			isa = XCBuildConfiguration;
			buildSettings = {
				GCC_PRECOMPILE_PREFIX_HEADER = YES;
				GCC_PREFIX_HEADER = "suckapunch/suckapunch-Prefix.pch";
				INFOPLIST_FILE = "suckapunch/suckapunch-Info.plist";
				IPHONEOS_DEPLOYMENT_TARGET = 6.0;
				LIBRARY_SEARCH_PATHS = (
					"$(inherited)",
					"\"$(SRCROOT)/suckapunch/TestFlightSDK1.1\"",
				);
				PRODUCT_NAME = "$(TARGET_NAME)";
				WRAPPER_EXTENSION = app;
			};
			name = Release;
		};
		CD4D8746166E9B5200996E89 /* Debug */ = {
			isa = XCBuildConfiguration;
			buildSettings = {
				BUNDLE_LOADER = "$(BUILT_PRODUCTS_DIR)/suckapunch.app/suckapunch";
				FRAMEWORK_SEARCH_PATHS = (
					"\"$(SDKROOT)/Developer/Library/Frameworks\"",
					"\"$(DEVELOPER_LIBRARY_DIR)/Frameworks\"",
				);
				GCC_PRECOMPILE_PREFIX_HEADER = YES;
				GCC_PREFIX_HEADER = "suckapunch/suckapunch-Prefix.pch";
				INFOPLIST_FILE = "suckapunchTests/suckapunchTests-Info.plist";
				PRODUCT_NAME = "$(TARGET_NAME)";
				TEST_HOST = "$(BUNDLE_LOADER)";
				WRAPPER_EXTENSION = octest;
			};
			name = Debug;
		};
		CD4D8747166E9B5200996E89 /* Release */ = {
			isa = XCBuildConfiguration;
			buildSettings = {
				BUNDLE_LOADER = "$(BUILT_PRODUCTS_DIR)/suckapunch.app/suckapunch";
				FRAMEWORK_SEARCH_PATHS = (
					"\"$(SDKROOT)/Developer/Library/Frameworks\"",
					"\"$(DEVELOPER_LIBRARY_DIR)/Frameworks\"",
				);
				GCC_PRECOMPILE_PREFIX_HEADER = YES;
				GCC_PREFIX_HEADER = "suckapunch/suckapunch-Prefix.pch";
				INFOPLIST_FILE = "suckapunchTests/suckapunchTests-Info.plist";
				PRODUCT_NAME = "$(TARGET_NAME)";
				TEST_HOST = "$(BUNDLE_LOADER)";
				WRAPPER_EXTENSION = octest;
			};
			name = Release;
		};
/* End XCBuildConfiguration section */

/* Begin XCConfigurationList section */
		CD4D8703166E9B5200996E89 /* Build configuration list for PBXProject "suckapunch" */ = {
			isa = XCConfigurationList;
			buildConfigurations = (
				CD4D8740166E9B5200996E89 /* Debug */,
				CD4D8741166E9B5200996E89 /* Release */,
			);
			defaultConfigurationIsVisible = 0;
			defaultConfigurationName = Release;
		};
		CD4D8742166E9B5200996E89 /* Build configuration list for PBXNativeTarget "suckapunch" */ = {
			isa = XCConfigurationList;
			buildConfigurations = (
				CD4D8743166E9B5200996E89 /* Debug */,
				CD4D8744166E9B5200996E89 /* Release */,
			);
			defaultConfigurationIsVisible = 0;
			defaultConfigurationName = Release;
		};
		CD4D8745166E9B5200996E89 /* Build configuration list for PBXNativeTarget "suckapunchTests" */ = {
			isa = XCConfigurationList;
			buildConfigurations = (
				CD4D8746166E9B5200996E89 /* Debug */,
				CD4D8747166E9B5200996E89 /* Release */,
			);
			defaultConfigurationIsVisible = 0;
			defaultConfigurationName = Release;
		};
/* End XCConfigurationList section */
	};
	rootObject = CD4D8700166E9B5200996E89 /* Project object */;
}
